
Microsoft Visual Studio Solution File, Format Version 12.00
# Visual Studio Version 17
VisualStudioVersion = 17.11.35312.102
MinimumVisualStudioVersion = 10.0.40219.1
Project("{FAE04EC0-301F-11D3-BF4B-00C04F79EFBC}") = "Learn-Design-Patterns", "Learn-Design-Patterns\Learn-Design-Patterns.csproj", "{F420A002-6839-4075-B1E0-B755965F48EB}"
EndProject
Global
	GlobalSection(SolutionConfigurationPlatforms) = preSolution
		Debug|Any CPU = Debug|Any CPU
		Release|Any CPU = Release|Any CPU
	EndGlobalSection
	GlobalSection(ProjectConfigurationPlatforms) = postSolution
		{F420A002-6839-4075-B1E0-B755965F48EB}.Debug|Any CPU.ActiveCfg = Debug|Any CPU
		{F420A002-6839-4075-B1E0-B755965F48EB}.Debug|Any CPU.Build.0 = Debug|Any CPU
		{F420A002-6839-4075-B1E0-B755965F48EB}.Release|Any CPU.ActiveCfg = Release|Any CPU
		{F420A002-6839-4075-B1E0-B755965F48EB}.Release|Any CPU.Build.0 = Release|Any CPU
	EndGlobalSection
	GlobalSection(SolutionProperties) = preSolution
		HideSolutionNode = FALSE
	EndGlobalSection
	GlobalSection(ExtensibilityGlobals) = postSolution
		SolutionGuid = {AC373923-982E-4475-8648-56803DAA84D1}
	EndGlobalSection
EndGlobal
